
Microsoft Visual Studio Solution File, Format Version 12.00
# Visual Studio Express 2012 for Windows Desktop
Project("{FAE04EC0-301F-11D3-BF4B-00C04F79EFBC}") = "Buscaminas", "Buscaminas\Buscaminas.csproj", "{907F38E0-90BC-425F-8870-197EF7B6A88E}"
EndProject
Global
	GlobalSection(SolutionConfigurationPlatforms) = preSolution
		Debug|Any CPU = Debug|Any CPU
		Release|Any CPU = Release|Any CPU
	EndGlobalSection
	GlobalSection(ProjectConfigurationPlatforms) = postSolution
		{907F38E0-90BC-425F-8870-197EF7B6A88E}.Debug|Any CPU.ActiveCfg = Debug|Any CPU
		{907F38E0-90BC-425F-8870-197EF7B6A88E}.Debug|Any CPU.Build.0 = Debug|Any CPU
		{907F38E0-90BC-425F-8870-197EF7B6A88E}.Release|Any CPU.ActiveCfg = Release|Any CPU
		{907F38E0-90BC-425F-8870-197EF7B6A88E}.Release|Any CPU.Build.0 = Release|Any CPU
	EndGlobalSection
	GlobalSection(SolutionProperties) = preSolution
		HideSolutionNode = FALSE
	EndGlobalSection
EndGlobal
